
Microsoft Visual Studio Solution File, Format Version 12.00
# Visual Studio Version 16
VisualStudioVersion = 16.0.30309.148
MinimumVisualStudioVersion = 10.0.40219.1
Project("{FAE04EC0-301F-11D3-BF4B-00C04F79EFBC}") = "Part 8 - Hang Man Lite Project", "Part 8 - Hang Man Lite Project.csproj", "{10066DB1-D3BD-48C3-A3C5-A82A0EDB6EF2}"
EndProject
Global
	GlobalSection(SolutionConfigurationPlatforms) = preSolution
		Debug|Any CPU = Debug|Any CPU
		Release|Any CPU = Release|Any CPU
	EndGlobalSection
	GlobalSection(ProjectConfigurationPlatforms) = postSolution
		{10066DB1-D3BD-48C3-A3C5-A82A0EDB6EF2}.Debug|Any CPU.ActiveCfg = Debug|Any CPU
		{10066DB1-D3BD-48C3-A3C5-A82A0EDB6EF2}.Debug|Any CPU.Build.0 = Debug|Any CPU
		{10066DB1-D3BD-48C3-A3C5-A82A0EDB6EF2}.Release|Any CPU.ActiveCfg = Release|Any CPU
		{10066DB1-D3BD-48C3-A3C5-A82A0EDB6EF2}.Release|Any CPU.Build.0 = Release|Any CPU
	EndGlobalSection
	GlobalSection(SolutionProperties) = preSolution
		HideSolutionNode = FALSE
	EndGlobalSection
	GlobalSection(ExtensibilityGlobals) = postSolution
		SolutionGuid = {793F99BC-7C70-417D-B815-69E6F4340D16}
	EndGlobalSection
EndGlobal
